// !$*UTF8*$!
{
	archiveVersion = 1;
	classes = {
	};
	objectVersion = 56;
	objects = {

/* Begin PBXBuildFile section */
		353699922A122F8C0069E151 /* LocationManager.swift in Sources */ = {isa = PBXBuildFile; fileRef = 353699912A122F8C0069E151 /* LocationManager.swift */; };
		353699952A1278860069E151 /* LocalDataManager.swift in Sources */ = {isa = PBXBuildFile; fileRef = 353699942A1278860069E151 /* LocalDataManager.swift */; };
		353699982A127B200069E151 /* ToDoList.xcdatamodeld in Sources */ = {isa = PBXBuildFile; fileRef = 353699962A127B200069E151 /* ToDoList.xcdatamodeld */; };
		3536999A2A1352360069E151 /* EditItemView.swift in Sources */ = {isa = PBXBuildFile; fileRef = 353699992A1352360069E151 /* EditItemView.swift */; };
		3536999C2A1353F50069E151 /* Utils.swift in Sources */ = {isa = PBXBuildFile; fileRef = 3536999B2A1353F50069E151 /* Utils.swift */; };
		3536999E2A1355300069E151 /* ItemDetailView.swift in Sources */ = {isa = PBXBuildFile; fileRef = 3536999D2A1355300069E151 /* ItemDetailView.swift */; };
		354593662A5443FE007E539C /* EditItemViewController.swift in Sources */ = {isa = PBXBuildFile; fileRef = 354593652A5443FE007E539C /* EditItemViewController.swift */; };
		354593682A544511007E539C /* EditViewWrapper.swift in Sources */ = {isa = PBXBuildFile; fileRef = 354593672A544511007E539C /* EditViewWrapper.swift */; };
		3545936B2A544E4D007E539C /* SnapKit in Frameworks */ = {isa = PBXBuildFile; productRef = 3545936A2A544E4D007E539C /* SnapKit */; };
		3545936D2A5450F3007E539C /* ItemTableViewCell.swift in Sources */ = {isa = PBXBuildFile; fileRef = 3545936C2A5450F3007E539C /* ItemTableViewCell.swift */; };
		3545936F2A545D3C007E539C /* DatePickerTableViewCell.swift in Sources */ = {isa = PBXBuildFile; fileRef = 3545936E2A545D3C007E539C /* DatePickerTableViewCell.swift */; };
		354593712A546C88007E539C /* ItemList.swift in Sources */ = {isa = PBXBuildFile; fileRef = 354593702A546C88007E539C /* ItemList.swift */; };
		3545937A2A585025007E539C /* WatchToDoListApp.swift in Sources */ = {isa = PBXBuildFile; fileRef = 354593792A585025007E539C /* WatchToDoListApp.swift */; };
		3545937C2A585025007E539C /* ContentView.swift in Sources */ = {isa = PBXBuildFile; fileRef = 3545937B2A585025007E539C /* ContentView.swift */; };
		3545937E2A585027007E539C /* Assets.xcassets in Resources */ = {isa = PBXBuildFile; fileRef = 3545937D2A585027007E539C /* Assets.xcassets */; };
		354593812A585027007E539C /* Preview Assets.xcassets in Resources */ = {isa = PBXBuildFile; fileRef = 354593802A585027007E539C /* Preview Assets.xcassets */; };
		354593852A58510A007E539C /* ToDoListApp.swift in Sources */ = {isa = PBXBuildFile; fileRef = 35E70B6A2A114BC500B6BF57 /* ToDoListApp.swift */; };
		354593882A58511A007E539C /* ToDoItem.swift in Sources */ = {isa = PBXBuildFile; fileRef = 35CA4D832A11E462005E96CE /* ToDoItem.swift */; };
		354593892A58511E007E539C /* ItemList.swift in Sources */ = {isa = PBXBuildFile; fileRef = 354593702A546C88007E539C /* ItemList.swift */; };
		3545938A2A585121007E539C /* ToDoList.xcdatamodeld in Sources */ = {isa = PBXBuildFile; fileRef = 353699962A127B200069E151 /* ToDoList.xcdatamodeld */; };
		354593982A58599F007E539C /* AddItemView.swift in Sources */ = {isa = PBXBuildFile; fileRef = 354593972A58599F007E539C /* AddItemView.swift */; };
		354593992A59BAD6007E539C /* Utils.swift in Sources */ = {isa = PBXBuildFile; fileRef = 3536999B2A1353F50069E151 /* Utils.swift */; };
		3545939E2A5B125D007E539C /* LocationAdaptor.swift in Sources */ = {isa = PBXBuildFile; fileRef = 3545939D2A5B125D007E539C /* LocationAdaptor.swift */; };
		3545939F2A5B142E007E539C /* LocationAdaptor.swift in Sources */ = {isa = PBXBuildFile; fileRef = 3545939D2A5B125D007E539C /* LocationAdaptor.swift */; };
		354593A02A5B149A007E539C /* LocationManager.swift in Sources */ = {isa = PBXBuildFile; fileRef = 353699912A122F8C0069E151 /* LocationManager.swift */; };
		35CA4D842A11E462005E96CE /* ToDoItem.swift in Sources */ = {isa = PBXBuildFile; fileRef = 35CA4D832A11E462005E96CE /* ToDoItem.swift */; };
		35CA4D862A11FDD8005E96CE /* AddItemView.swift in Sources */ = {isa = PBXBuildFile; fileRef = 35CA4D852A11FDD8005E96CE /* AddItemView.swift */; };
		35CA4D882A12126A005E96CE /* ToDoListViewModel.swift in Sources */ = {isa = PBXBuildFile; fileRef = 35CA4D872A12126A005E96CE /* ToDoListViewModel.swift */; };
		35E70B6B2A114BC500B6BF57 /* ToDoListApp.swift in Sources */ = {isa = PBXBuildFile; fileRef = 35E70B6A2A114BC500B6BF57 /* ToDoListApp.swift */; };
		35E70B6D2A114BC500B6BF57 /* ContentView.swift in Sources */ = {isa = PBXBuildFile; fileRef = 35E70B6C2A114BC500B6BF57 /* ContentView.swift */; };
		35E70B6F2A114BC600B6BF57 /* Assets.xcassets in Resources */ = {isa = PBXBuildFile; fileRef = 35E70B6E2A114BC600B6BF57 /* Assets.xcassets */; };
		35E70B722A114BC600B6BF57 /* Preview Assets.xcassets in Resources */ = {isa = PBXBuildFile; fileRef = 35E70B712A114BC600B6BF57 /* Preview Assets.xcassets */; };
		35F1D0442A13693E00EA05D0 /* Alamofire in Frameworks */ = {isa = PBXBuildFile; productRef = 35F1D0432A13693E00EA05D0 /* Alamofire */; };
		35F1D0462A136A2D00EA05D0 /* EndPointType.swift in Sources */ = {isa = PBXBuildFile; fileRef = 35F1D0452A136A2D00EA05D0 /* EndPointType.swift */; };
		35F1D0492A136ACC00EA05D0 /* NetworkClient.swift in Sources */ = {isa = PBXBuildFile; fileRef = 35F1D0482A136ACC00EA05D0 /* NetworkClient.swift */; };
		35F1D04B2A136B0600EA05D0 /* QuotableRouter.swift in Sources */ = {isa = PBXBuildFile; fileRef = 35F1D04A2A136B0600EA05D0 /* QuotableRouter.swift */; };
		35F1D04D2A136C1D00EA05D0 /* NetworkManager.swift in Sources */ = {isa = PBXBuildFile; fileRef = 35F1D04C2A136C1D00EA05D0 /* NetworkManager.swift */; };
		35F1D04F2A136F5F00EA05D0 /* Quote.swift in Sources */ = {isa = PBXBuildFile; fileRef = 35F1D04E2A136F5F00EA05D0 /* Quote.swift */; };
		35F1D0512A1379A700EA05D0 /* QuoteRow.swift in Sources */ = {isa = PBXBuildFile; fileRef = 35F1D0502A1379A700EA05D0 /* QuoteRow.swift */; };
		35F1D0532A1379C800EA05D0 /* ToDoListRow.swift in Sources */ = {isa = PBXBuildFile; fileRef = 35F1D0522A1379C800EA05D0 /* ToDoListRow.swift */; };
		35F1D0A52A149ABB00EA05D0 /* daily_quote.cpp in Sources */ = {isa = PBXBuildFile; fileRef = 35F1D0A32A149ABB00EA05D0 /* daily_quote.cpp */; };
		35F1D0A82A149C0300EA05D0 /* DailyQuoteWrapper.mm in Sources */ = {isa = PBXBuildFile; fileRef = 35F1D0A72A149C0300EA05D0 /* DailyQuoteWrapper.mm */; };
/* End PBXBuildFile section */

/* Begin PBXFileReference section */
		353699912A122F8C0069E151 /* LocationManager.swift */ = {isa = PBXFileReference; lastKnownFileType = sourcecode.swift; path = LocationManager.swift; sourceTree = "<group>"; };
		353699932A1230480069E151 /* Info.plist */ = {isa = PBXFileReference; lastKnownFileType = text.plist; path = Info.plist; sourceTree = "<group>"; };
		353699942A1278860069E151 /* LocalDataManager.swift */ = {isa = PBXFileReference; lastKnownFileType = sourcecode.swift; path = LocalDataManager.swift; sourceTree = "<group>"; };
		353699972A127B200069E151 /* ToDoList.xcdatamodel */ = {isa = PBXFileReference; lastKnownFileType = wrapper.xcdatamodel; path = ToDoList.xcdatamodel; sourceTree = "<group>"; };
		353699992A1352360069E151 /* EditItemView.swift */ = {isa = PBXFileReference; lastKnownFileType = sourcecode.swift; path = EditItemView.swift; sourceTree = "<group>"; };
		3536999B2A1353F50069E151 /* Utils.swift */ = {isa = PBXFileReference; lastKnownFileType = sourcecode.swift; path = Utils.swift; sourceTree = "<group>"; };
		3536999D2A1355300069E151 /* ItemDetailView.swift */ = {isa = PBXFileReference; lastKnownFileType = sourcecode.swift; path = ItemDetailView.swift; sourceTree = "<group>"; };
		354593652A5443FE007E539C /* EditItemViewController.swift */ = {isa = PBXFileReference; lastKnownFileType = sourcecode.swift; path = EditItemViewController.swift; sourceTree = "<group>"; };
		354593672A544511007E539C /* EditViewWrapper.swift */ = {isa = PBXFileReference; lastKnownFileType = sourcecode.swift; path = EditViewWrapper.swift; sourceTree = "<group>"; };
		3545936C2A5450F3007E539C /* ItemTableViewCell.swift */ = {isa = PBXFileReference; lastKnownFileType = sourcecode.swift; path = ItemTableViewCell.swift; sourceTree = "<group>"; };
		3545936E2A545D3C007E539C /* DatePickerTableViewCell.swift */ = {isa = PBXFileReference; lastKnownFileType = sourcecode.swift; path = DatePickerTableViewCell.swift; sourceTree = "<group>"; };
		354593702A546C88007E539C /* ItemList.swift */ = {isa = PBXFileReference; lastKnownFileType = sourcecode.swift; path = ItemList.swift; sourceTree = "<group>"; };
		354593772A585025007E539C /* WatchToDoList Watch App.app */ = {isa = PBXFileReference; explicitFileType = wrapper.application; includeInIndex = 0; path = "WatchToDoList Watch App.app"; sourceTree = BUILT_PRODUCTS_DIR; };
		354593792A585025007E539C /* WatchToDoListApp.swift */ = {isa = PBXFileReference; lastKnownFileType = sourcecode.swift; path = WatchToDoListApp.swift; sourceTree = "<group>"; };
		3545937B2A585025007E539C /* ContentView.swift */ = {isa = PBXFileReference; lastKnownFileType = sourcecode.swift; path = ContentView.swift; sourceTree = "<group>"; };
		3545937D2A585027007E539C /* Assets.xcassets */ = {isa = PBXFileReference; lastKnownFileType = folder.assetcatalog; path = Assets.xcassets; sourceTree = "<group>"; };
		354593802A585027007E539C /* Preview Assets.xcassets */ = {isa = PBXFileReference; lastKnownFileType = folder.assetcatalog; path = "Preview Assets.xcassets"; sourceTree = "<group>"; };
		354593972A58599F007E539C /* AddItemView.swift */ = {isa = PBXFileReference; lastKnownFileType = sourcecode.swift; path = AddItemView.swift; sourceTree = "<group>"; };
		3545939D2A5B125D007E539C /* LocationAdaptor.swift */ = {isa = PBXFileReference; lastKnownFileType = sourcecode.swift; path = LocationAdaptor.swift; sourceTree = "<group>"; };
		35CA4D832A11E462005E96CE /* ToDoItem.swift */ = {isa = PBXFileReference; lastKnownFileType = sourcecode.swift; path = ToDoItem.swift; sourceTree = "<group>"; };
		35CA4D852A11FDD8005E96CE /* AddItemView.swift */ = {isa = PBXFileReference; lastKnownFileType = sourcecode.swift; path = AddItemView.swift; sourceTree = "<group>"; };
		35CA4D872A12126A005E96CE /* ToDoListViewModel.swift */ = {isa = PBXFileReference; lastKnownFileType = sourcecode.swift; path = ToDoListViewModel.swift; sourceTree = "<group>"; };
		35E70B672A114BC500B6BF57 /* ToDoList.app */ = {isa = PBXFileReference; explicitFileType = wrapper.application; includeInIndex = 0; path = ToDoList.app; sourceTree = BUILT_PRODUCTS_DIR; };
		35E70B6A2A114BC500B6BF57 /* ToDoListApp.swift */ = {isa = PBXFileReference; lastKnownFileType = sourcecode.swift; path = ToDoListApp.swift; sourceTree = "<group>"; };
		35E70B6C2A114BC500B6BF57 /* ContentView.swift */ = {isa = PBXFileReference; lastKnownFileType = sourcecode.swift; path = ContentView.swift; sourceTree = "<group>"; };
		35E70B6E2A114BC600B6BF57 /* Assets.xcassets */ = {isa = PBXFileReference; lastKnownFileType = folder.assetcatalog; path = Assets.xcassets; sourceTree = "<group>"; };
		35E70B712A114BC600B6BF57 /* Preview Assets.xcassets */ = {isa = PBXFileReference; lastKnownFileType = folder.assetcatalog; path = "Preview Assets.xcassets"; sourceTree = "<group>"; };
		35F1D0452A136A2D00EA05D0 /* EndPointType.swift */ = {isa = PBXFileReference; lastKnownFileType = sourcecode.swift; path = EndPointType.swift; sourceTree = "<group>"; };
		35F1D0482A136ACC00EA05D0 /* NetworkClient.swift */ = {isa = PBXFileReference; lastKnownFileType = sourcecode.swift; path = NetworkClient.swift; sourceTree = "<group>"; };
		35F1D04A2A136B0600EA05D0 /* QuotableRouter.swift */ = {isa = PBXFileReference; lastKnownFileType = sourcecode.swift; path = QuotableRouter.swift; sourceTree = "<group>"; };
		35F1D04C2A136C1D00EA05D0 /* NetworkManager.swift */ = {isa = PBXFileReference; lastKnownFileType = sourcecode.swift; path = NetworkManager.swift; sourceTree = "<group>"; };
		35F1D04E2A136F5F00EA05D0 /* Quote.swift */ = {isa = PBXFileReference; lastKnownFileType = sourcecode.swift; path = Quote.swift; sourceTree = "<group>"; };
		35F1D0502A1379A700EA05D0 /* QuoteRow.swift */ = {isa = PBXFileReference; lastKnownFileType = sourcecode.swift; path = QuoteRow.swift; sourceTree = "<group>"; };
		35F1D0522A1379C800EA05D0 /* ToDoListRow.swift */ = {isa = PBXFileReference; lastKnownFileType = sourcecode.swift; path = ToDoListRow.swift; sourceTree = "<group>"; };
		35F1D0A22A149ABA00EA05D0 /* ToDoList-Bridging-Header.h */ = {isa = PBXFileReference; lastKnownFileType = sourcecode.c.h; path = "ToDoList-Bridging-Header.h"; sourceTree = "<group>"; };
		35F1D0A32A149ABB00EA05D0 /* daily_quote.cpp */ = {isa = PBXFileReference; lastKnownFileType = sourcecode.cpp.cpp; path = daily_quote.cpp; sourceTree = "<group>"; };
		35F1D0A42A149ABB00EA05D0 /* daily_quote.hpp */ = {isa = PBXFileReference; lastKnownFileType = sourcecode.cpp.h; path = daily_quote.hpp; sourceTree = "<group>"; };
		35F1D0A62A149B7600EA05D0 /* DailyQuoteWrapper.h */ = {isa = PBXFileReference; lastKnownFileType = sourcecode.c.h; path = DailyQuoteWrapper.h; sourceTree = "<group>"; };
		35F1D0A72A149C0300EA05D0 /* DailyQuoteWrapper.mm */ = {isa = PBXFileReference; lastKnownFileType = sourcecode.cpp.objcpp; path = DailyQuoteWrapper.mm; sourceTree = "<group>"; };
/* End PBXFileReference section */

/* Begin PBXFrameworksBuildPhase section */
		354593742A585025007E539C /* Frameworks */ = {
			isa = PBXFrameworksBuildPhase;
			buildActionMask = 2147483647;
			files = (
			);
			runOnlyForDeploymentPostprocessing = 0;
		};
		35E70B642A114BC500B6BF57 /* Frameworks */ = {
			isa = PBXFrameworksBuildPhase;
			buildActionMask = 2147483647;
			files = (
				35F1D0442A13693E00EA05D0 /* Alamofire in Frameworks */,
				3545936B2A544E4D007E539C /* SnapKit in Frameworks */,
			);
			runOnlyForDeploymentPostprocessing = 0;
		};
/* End PBXFrameworksBuildPhase section */

/* Begin PBXGroup section */
		354593722A56B7DB007E539C /* EditView */ = {
			isa = PBXGroup;
			children = (
				353699992A1352360069E151 /* EditItemView.swift */,
				354593652A5443FE007E539C /* EditItemViewController.swift */,
				3545936C2A5450F3007E539C /* ItemTableViewCell.swift */,
				3545936E2A545D3C007E539C /* DatePickerTableViewCell.swift */,
				354593672A544511007E539C /* EditViewWrapper.swift */,
			);
			path = EditView;
			sourceTree = "<group>";
		};
		354593782A585025007E539C /* WatchToDoList Watch App */ = {
			isa = PBXGroup;
			children = (
				354593792A585025007E539C /* WatchToDoListApp.swift */,
				3545937B2A585025007E539C /* ContentView.swift */,
				354593972A58599F007E539C /* AddItemView.swift */,
				3545937D2A585027007E539C /* Assets.xcassets */,
				3545937F2A585027007E539C /* Preview Content */,
			);
			path = "WatchToDoList Watch App";
			sourceTree = "<group>";
		};
		3545937F2A585027007E539C /* Preview Content */ = {
			isa = PBXGroup;
			children = (
				354593802A585027007E539C /* Preview Assets.xcassets */,
			);
			path = "Preview Content";
			sourceTree = "<group>";
		};
		35E70B5E2A114BC500B6BF57 = {
			isa = PBXGroup;
			children = (
				35E70B692A114BC500B6BF57 /* ToDoList */,
				354593782A585025007E539C /* WatchToDoList Watch App */,
				35E70B682A114BC500B6BF57 /* Products */,
			);
			sourceTree = "<group>";
		};
		35E70B682A114BC500B6BF57 /* Products */ = {
			isa = PBXGroup;
			children = (
				35E70B672A114BC500B6BF57 /* ToDoList.app */,
				354593772A585025007E539C /* WatchToDoList Watch App.app */,
			);
			name = Products;
			sourceTree = "<group>";
		};
		35E70B692A114BC500B6BF57 /* ToDoList */ = {
			isa = PBXGroup;
			children = (
				353699932A1230480069E151 /* Info.plist */,
				35E70B6A2A114BC500B6BF57 /* ToDoListApp.swift */,
				35F1D05A2A137C0D00EA05D0 /* Utils */,
				35F1D0582A137BC300EA05D0 /* LocalStorage */,
				35F1D0472A136AB300EA05D0 /* Network */,
				35F1D0592A137BD300EA05D0 /* Location */,
				35F1D0A12A149A6000EA05D0 /* DailyQuote */,
				35F1D0542A137B6E00EA05D0 /* View */,
				35F1D0562A137B9B00EA05D0 /* Model */,
				35F1D0572A137BB100EA05D0 /* ViewModel */,
				353699962A127B200069E151 /* ToDoList.xcdatamodeld */,
				35E70B6E2A114BC600B6BF57 /* Assets.xcassets */,
				35E70B702A114BC600B6BF57 /* Preview Content */,
			);
			path = ToDoList;
			sourceTree = "<group>";
		};
		35E70B702A114BC600B6BF57 /* Preview Content */ = {
			isa = PBXGroup;
			children = (
				35E70B712A114BC600B6BF57 /* Preview Assets.xcassets */,
			);
			path = "Preview Content";
			sourceTree = "<group>";
		};
		35F1D0472A136AB300EA05D0 /* Network */ = {
			isa = PBXGroup;
			children = (
				35F1D0452A136A2D00EA05D0 /* EndPointType.swift */,
				35F1D0482A136ACC00EA05D0 /* NetworkClient.swift */,
				35F1D04A2A136B0600EA05D0 /* QuotableRouter.swift */,
				35F1D04C2A136C1D00EA05D0 /* NetworkManager.swift */,
			);
			path = Network;
			sourceTree = "<group>";
		};
		35F1D0542A137B6E00EA05D0 /* View */ = {
			isa = PBXGroup;
			children = (
				354593722A56B7DB007E539C /* EditView */,
				35F1D0552A137B8700EA05D0 /* RowView */,
				35E70B6C2A114BC500B6BF57 /* ContentView.swift */,
				35CA4D852A11FDD8005E96CE /* AddItemView.swift */,
				3536999D2A1355300069E151 /* ItemDetailView.swift */,
			);
			path = View;
			sourceTree = "<group>";
		};
		35F1D0552A137B8700EA05D0 /* RowView */ = {
			isa = PBXGroup;
			children = (
				35F1D0522A1379C800EA05D0 /* ToDoListRow.swift */,
				35F1D0502A1379A700EA05D0 /* QuoteRow.swift */,
			);
			path = RowView;
			sourceTree = "<group>";
		};
		35F1D0562A137B9B00EA05D0 /* Model */ = {
			isa = PBXGroup;
			children = (
				35CA4D832A11E462005E96CE /* ToDoItem.swift */,
				35F1D04E2A136F5F00EA05D0 /* Quote.swift */,
				354593702A546C88007E539C /* ItemList.swift */,
			);
			path = Model;
			sourceTree = "<group>";
		};
		35F1D0572A137BB100EA05D0 /* ViewModel */ = {
			isa = PBXGroup;
			children = (
				35CA4D872A12126A005E96CE /* ToDoListViewModel.swift */,
			);
			path = ViewModel;
			sourceTree = "<group>";
		};
		35F1D0582A137BC300EA05D0 /* LocalStorage */ = {
			isa = PBXGroup;
			children = (
				353699942A1278860069E151 /* LocalDataManager.swift */,
			);
			path = LocalStorage;
			sourceTree = "<group>";
		};
		35F1D0592A137BD300EA05D0 /* Location */ = {
			isa = PBXGroup;
			children = (
				353699912A122F8C0069E151 /* LocationManager.swift */,
				3545939D2A5B125D007E539C /* LocationAdaptor.swift */,
			);
			path = Location;
			sourceTree = "<group>";
		};
		35F1D05A2A137C0D00EA05D0 /* Utils */ = {
			isa = PBXGroup;
			children = (
				3536999B2A1353F50069E151 /* Utils.swift */,
			);
			path = Utils;
			sourceTree = "<group>";
		};
		35F1D0A12A149A6000EA05D0 /* DailyQuote */ = {
			isa = PBXGroup;
			children = (
				35F1D0A32A149ABB00EA05D0 /* daily_quote.cpp */,
				35F1D0A42A149ABB00EA05D0 /* daily_quote.hpp */,
				35F1D0A62A149B7600EA05D0 /* DailyQuoteWrapper.h */,
				35F1D0A72A149C0300EA05D0 /* DailyQuoteWrapper.mm */,
				35F1D0A22A149ABA00EA05D0 /* ToDoList-Bridging-Header.h */,
			);
			path = DailyQuote;
			sourceTree = "<group>";
		};
/* End PBXGroup section */

/* Begin PBXNativeTarget section */
		354593762A585025007E539C /* WatchToDoList Watch App */ = {
			isa = PBXNativeTarget;
			buildConfigurationList = 354593842A585027007E539C /* Build configuration list for PBXNativeTarget "WatchToDoList Watch App" */;
			buildPhases = (
				354593732A585025007E539C /* Sources */,
				354593742A585025007E539C /* Frameworks */,
				354593752A585025007E539C /* Resources */,
			);
			buildRules = (
			);
			dependencies = (
			);
			name = "WatchToDoList Watch App";
			productName = "WatchToDoList Watch App";
			productReference = 354593772A585025007E539C /* WatchToDoList Watch App.app */;
			productType = "com.apple.product-type.application";
		};
		35E70B662A114BC500B6BF57 /* ToDoList */ = {
			isa = PBXNativeTarget;
			buildConfigurationList = 35E70B752A114BC600B6BF57 /* Build configuration list for PBXNativeTarget "ToDoList" */;
			buildPhases = (
				35E70B632A114BC500B6BF57 /* Sources */,
				35E70B642A114BC500B6BF57 /* Frameworks */,
				35E70B652A114BC500B6BF57 /* Resources */,
			);
			buildRules = (
			);
			dependencies = (
			);
			name = ToDoList;
			packageProductDependencies = (
				35F1D0432A13693E00EA05D0 /* Alamofire */,
				3545936A2A544E4D007E539C /* SnapKit */,
			);
			productName = ToDoList;
			productReference = 35E70B672A114BC500B6BF57 /* ToDoList.app */;
			productType = "com.apple.product-type.application";
		};
/* End PBXNativeTarget section */

/* Begin PBXProject section */
		35E70B5F2A114BC500B6BF57 /* Project object */ = {
			isa = PBXProject;
			attributes = {
				BuildIndependentTargetsInParallel = 1;
				LastSwiftUpdateCheck = 1420;
				LastUpgradeCheck = 1420;
				TargetAttributes = {
					354593762A585025007E539C = {
						CreatedOnToolsVersion = 14.2;
					};
					35E70B662A114BC500B6BF57 = {
						CreatedOnToolsVersion = 14.2;
						LastSwiftMigration = 1420;
					};
				};
			};
			buildConfigurationList = 35E70B622A114BC500B6BF57 /* Build configuration list for PBXProject "ToDoList" */;
			compatibilityVersion = "Xcode 14.0";
			developmentRegion = en;
			hasScannedForEncodings = 0;
			knownRegions = (
				en,
				Base,
			);
			mainGroup = 35E70B5E2A114BC500B6BF57;
			packageReferences = (
				35F1D0422A13693E00EA05D0 /* XCRemoteSwiftPackageReference "Alamofire" */,
				354593692A544E4D007E539C /* XCRemoteSwiftPackageReference "SnapKit" */,
			);
			productRefGroup = 35E70B682A114BC500B6BF57 /* Products */;
			projectDirPath = "";
			projectRoot = "";
			targets = (
				35E70B662A114BC500B6BF57 /* ToDoList */,
				354593762A585025007E539C /* WatchToDoList Watch App */,
			);
		};
/* End PBXProject section */

/* Begin PBXResourcesBuildPhase section */
		354593752A585025007E539C /* Resources */ = {
			isa = PBXResourcesBuildPhase;
			buildActionMask = 2147483647;
			files = (
				354593812A585027007E539C /* Preview Assets.xcassets in Resources */,
				3545937E2A585027007E539C /* Assets.xcassets in Resources */,
			);
			runOnlyForDeploymentPostprocessing = 0;
		};
		35E70B652A114BC500B6BF57 /* Resources */ = {
			isa = PBXResourcesBuildPhase;
			buildActionMask = 2147483647;
			files = (
				35E70B722A114BC600B6BF57 /* Preview Assets.xcassets in Resources */,
				35E70B6F2A114BC600B6BF57 /* Assets.xcassets in Resources */,
			);
			runOnlyForDeploymentPostprocessing = 0;
		};
/* End PBXResourcesBuildPhase section */

/* Begin PBXSourcesBuildPhase section */
		354593732A585025007E539C /* Sources */ = {
			isa = PBXSourcesBuildPhase;
			buildActionMask = 2147483647;
			files = (
				354593852A58510A007E539C /* ToDoListApp.swift in Sources */,
				354593882A58511A007E539C /* ToDoItem.swift in Sources */,
				354593A02A5B149A007E539C /* LocationManager.swift in Sources */,
				354593892A58511E007E539C /* ItemList.swift in Sources */,
				3545937C2A585025007E539C /* ContentView.swift in Sources */,
				3545939F2A5B142E007E539C /* LocationAdaptor.swift in Sources */,
				354593982A58599F007E539C /* AddItemView.swift in Sources */,
				3545937A2A585025007E539C /* WatchToDoListApp.swift in Sources */,
				3545938A2A585121007E539C /* ToDoList.xcdatamodeld in Sources */,
				354593992A59BAD6007E539C /* Utils.swift in Sources */,
			);
			runOnlyForDeploymentPostprocessing = 0;
		};
		35E70B632A114BC500B6BF57 /* Sources */ = {
			isa = PBXSourcesBuildPhase;
			buildActionMask = 2147483647;
			files = (
				35F1D0A52A149ABB00EA05D0 /* daily_quote.cpp in Sources */,
				354593662A5443FE007E539C /* EditItemViewController.swift in Sources */,
				3545939E2A5B125D007E539C /* LocationAdaptor.swift in Sources */,
				35E70B6D2A114BC500B6BF57 /* ContentView.swift in Sources */,
				35F1D0512A1379A700EA05D0 /* QuoteRow.swift in Sources */,
				35F1D04B2A136B0600EA05D0 /* QuotableRouter.swift in Sources */,
				35F1D0A82A149C0300EA05D0 /* DailyQuoteWrapper.mm in Sources */,
				353699952A1278860069E151 /* LocalDataManager.swift in Sources */,
				35F1D0532A1379C800EA05D0 /* ToDoListRow.swift in Sources */,
				35CA4D842A11E462005E96CE /* ToDoItem.swift in Sources */,
				35F1D04F2A136F5F00EA05D0 /* Quote.swift in Sources */,
				354593682A544511007E539C /* EditViewWrapper.swift in Sources */,
				3536999E2A1355300069E151 /* ItemDetailView.swift in Sources */,
				353699922A122F8C0069E151 /* LocationManager.swift in Sources */,
				35E70B6B2A114BC500B6BF57 /* ToDoListApp.swift in Sources */,
				3536999C2A1353F50069E151 /* Utils.swift in Sources */,
				35CA4D862A11FDD8005E96CE /* AddItemView.swift in Sources */,
				354593712A546C88007E539C /* ItemList.swift in Sources */,
				35F1D0492A136ACC00EA05D0 /* NetworkClient.swift in Sources */,
				3545936D2A5450F3007E539C /* ItemTableViewCell.swift in Sources */,
				35F1D0462A136A2D00EA05D0 /* EndPointType.swift in Sources */,
				35CA4D882A12126A005E96CE /* ToDoListViewModel.swift in Sources */,
				35F1D04D2A136C1D00EA05D0 /* NetworkManager.swift in Sources */,
				353699982A127B200069E151 /* ToDoList.xcdatamodeld in Sources */,
				3536999A2A1352360069E151 /* EditItemView.swift in Sources */,
				3545936F2A545D3C007E539C /* DatePickerTableViewCell.swift in Sources */,
			);
			runOnlyForDeploymentPostprocessing = 0;
		};
/* End PBXSourcesBuildPhase section */

/* Begin XCBuildConfiguration section */
		354593822A585027007E539C /* Debug */ = {
			isa = XCBuildConfiguration;
			buildSettings = {
				ASSETCATALOG_COMPILER_APPICON_NAME = AppIcon;
				ASSETCATALOG_COMPILER_GLOBAL_ACCENT_COLOR_NAME = AccentColor;
				CODE_SIGN_STYLE = Automatic;
				CURRENT_PROJECT_VERSION = 1;
				DEVELOPMENT_ASSET_PATHS = "\"WatchToDoList Watch App/Preview Content\"";
				DEVELOPMENT_TEAM = 96D753D9GJ;
				ENABLE_PREVIEWS = YES;
				GENERATE_INFOPLIST_FILE = YES;
				INFOPLIST_KEY_CFBundleDisplayName = WatchToDoList;
				INFOPLIST_KEY_NSLocationWhenInUseUsageDescription = "App needs your location when adding to do list item";
				INFOPLIST_KEY_UISupportedInterfaceOrientations = "UIInterfaceOrientationPortrait UIInterfaceOrientationPortraitUpsideDown";
				INFOPLIST_KEY_WKCompanionAppBundleIdentifier = "";
				INFOPLIST_KEY_WKRunsIndependentlyOfCompanionApp = YES;
				LD_RUNPATH_SEARCH_PATHS = (
					"$(inherited)",
					"@executable_path/Frameworks",
				);
				MARKETING_VERSION = 1.0;
				PRODUCT_BUNDLE_IDENTIFIER = .watchkitapp;
				PRODUCT_NAME = "$(TARGET_NAME)";
				SDKROOT = watchos;
				SKIP_INSTALL = YES;
				SWIFT_EMIT_LOC_STRINGS = YES;
				SWIFT_VERSION = 5.0;
				TARGETED_DEVICE_FAMILY = 4;
				WATCHOS_DEPLOYMENT_TARGET = 9.1;
			};
			name = Debug;
		};
		354593832A585027007E539C /* Release */ = {
			isa = XCBuildConfiguration;
			buildSettings = {
				ASSETCATALOG_COMPILER_APPICON_NAME = AppIcon;
				ASSETCATALOG_COMPILER_GLOBAL_ACCENT_COLOR_NAME = AccentColor;
				CODE_SIGN_STYLE = Automatic;
				CURRENT_PROJECT_VERSION = 1;
				DEVELOPMENT_ASSET_PATHS = "\"WatchToDoList Watch App/Preview Content\"";
				DEVELOPMENT_TEAM = 96D753D9GJ;
				ENABLE_PREVIEWS = YES;
				GENERATE_INFOPLIST_FILE = YES;
				INFOPLIST_KEY_CFBundleDisplayName = WatchToDoList;
				INFOPLIST_KEY_NSLocationWhenInUseUsageDescription = "App needs your location when adding to do list item";
				INFOPLIST_KEY_UISupportedInterfaceOrientations = "UIInterfaceOrientationPortrait UIInterfaceOrientationPortraitUpsideDown";
				INFOPLIST_KEY_WKCompanionAppBundleIdentifier = "";
				INFOPLIST_KEY_WKRunsIndependentlyOfCompanionApp = YES;
				LD_RUNPATH_SEARCH_PATHS = (
					"$(inherited)",
					"@executable_path/Frameworks",
				);
				MARKETING_VERSION = 1.0;
				PRODUCT_BUNDLE_IDENTIFIER = .watchkitapp;
				PRODUCT_NAME = "$(TARGET_NAME)";
				SDKROOT = watchos;
				SKIP_INSTALL = YES;
				SWIFT_EMIT_LOC_STRINGS = YES;
				SWIFT_VERSION = 5.0;
				TARGETED_DEVICE_FAMILY = 4;
				WATCHOS_DEPLOYMENT_TARGET = 9.1;
			};
			name = Release;
		};
		35E70B732A114BC600B6BF57 /* Debug */ = {
			isa = XCBuildConfiguration;
			buildSettings = {
				ALWAYS_SEARCH_USER_PATHS = NO;
				CLANG_ANALYZER_NONNULL = YES;
				CLANG_ANALYZER_NUMBER_OBJECT_CONVERSION = YES_AGGRESSIVE;
				CLANG_CXX_LANGUAGE_STANDARD = "gnu++20";
				CLANG_ENABLE_MODULES = YES;
				CLANG_ENABLE_OBJC_ARC = YES;
				CLANG_ENABLE_OBJC_WEAK = YES;
				CLANG_WARN_BLOCK_CAPTURE_AUTORELEASING = YES;
				CLANG_WARN_BOOL_CONVERSION = YES;
				CLANG_WARN_COMMA = YES;
				CLANG_WARN_CONSTANT_CONVERSION = YES;
				CLANG_WARN_DEPRECATED_OBJC_IMPLEMENTATIONS = YES;
				CLANG_WARN_DIRECT_OBJC_ISA_USAGE = YES_ERROR;
				CLANG_WARN_DOCUMENTATION_COMMENTS = YES;
				CLANG_WARN_EMPTY_BODY = YES;
				CLANG_WARN_ENUM_CONVERSION = YES;
				CLANG_WARN_INFINITE_RECURSION = YES;
				CLANG_WARN_INT_CONVERSION = YES;
				CLANG_WARN_NON_LITERAL_NULL_CONVERSION = YES;
				CLANG_WARN_OBJC_IMPLICIT_RETAIN_SELF = YES;
				CLANG_WARN_OBJC_LITERAL_CONVERSION = YES;
				CLANG_WARN_OBJC_ROOT_CLASS = YES_ERROR;
				CLANG_WARN_QUOTED_INCLUDE_IN_FRAMEWORK_HEADER = YES;
				CLANG_WARN_RANGE_LOOP_ANALYSIS = YES;
				CLANG_WARN_STRICT_PROTOTYPES = YES;
				CLANG_WARN_SUSPICIOUS_MOVE = YES;
				CLANG_WARN_UNGUARDED_AVAILABILITY = YES_AGGRESSIVE;
				CLANG_WARN_UNREACHABLE_CODE = YES;
				CLANG_WARN__DUPLICATE_METHOD_MATCH = YES;
				COPY_PHASE_STRIP = NO;
				DEBUG_INFORMATION_FORMAT = dwarf;
				ENABLE_STRICT_OBJC_MSGSEND = YES;
				ENABLE_TESTABILITY = YES;
				GCC_C_LANGUAGE_STANDARD = gnu11;
				GCC_DYNAMIC_NO_PIC = NO;
				GCC_NO_COMMON_BLOCKS = YES;
				GCC_OPTIMIZATION_LEVEL = 0;
				GCC_PREPROCESSOR_DEFINITIONS = (
					"DEBUG=1",
					"$(inherited)",
				);
				GCC_WARN_64_TO_32_BIT_CONVERSION = YES;
				GCC_WARN_ABOUT_RETURN_TYPE = YES_ERROR;
				GCC_WARN_UNDECLARED_SELECTOR = YES;
				GCC_WARN_UNINITIALIZED_AUTOS = YES_AGGRESSIVE;
				GCC_WARN_UNUSED_FUNCTION = YES;
				GCC_WARN_UNUSED_VARIABLE = YES;
				IPHONEOS_DEPLOYMENT_TARGET = 16.2;
				MTL_ENABLE_DEBUG_INFO = INCLUDE_SOURCE;
				MTL_FAST_MATH = YES;
				ONLY_ACTIVE_ARCH = YES;
				SDKROOT = iphoneos;
				SWIFT_ACTIVE_COMPILATION_CONDITIONS = DEBUG;
				SWIFT_OPTIMIZATION_LEVEL = "-Onone";
			};
			name = Debug;
		};
		35E70B742A114BC600B6BF57 /* Release */ = {
			isa = XCBuildConfiguration;
			buildSettings = {
				ALWAYS_SEARCH_USER_PATHS = NO;
				CLANG_ANALYZER_NONNULL = YES;
				CLANG_ANALYZER_NUMBER_OBJECT_CONVERSION = YES_AGGRESSIVE;
				CLANG_CXX_LANGUAGE_STANDARD = "gnu++20";
				CLANG_ENABLE_MODULES = YES;
				CLANG_ENABLE_OBJC_ARC = YES;
				CLANG_ENABLE_OBJC_WEAK = YES;
				CLANG_WARN_BLOCK_CAPTURE_AUTORELEASING = YES;
				CLANG_WARN_BOOL_CONVERSION = YES;
				CLANG_WARN_COMMA = YES;
				CLANG_WARN_CONSTANT_CONVERSION = YES;
				CLANG_WARN_DEPRECATED_OBJC_IMPLEMENTATIONS = YES;
				CLANG_WARN_DIRECT_OBJC_ISA_USAGE = YES_ERROR;
				CLANG_WARN_DOCUMENTATION_COMMENTS = YES;
				CLANG_WARN_EMPTY_BODY = YES;
				CLANG_WARN_ENUM_CONVERSION = YES;
				CLANG_WARN_INFINITE_RECURSION = YES;
				CLANG_WARN_INT_CONVERSION = YES;
				CLANG_WARN_NON_LITERAL_NULL_CONVERSION = YES;
				CLANG_WARN_OBJC_IMPLICIT_RETAIN_SELF = YES;
				CLANG_WARN_OBJC_LITERAL_CONVERSION = YES;
				CLANG_WARN_OBJC_ROOT_CLASS = YES_ERROR;
				CLANG_WARN_QUOTED_INCLUDE_IN_FRAMEWORK_HEADER = YES;
				CLANG_WARN_RANGE_LOOP_ANALYSIS = YES;
				CLANG_WARN_STRICT_PROTOTYPES = YES;
				CLANG_WARN_SUSPICIOUS_MOVE = YES;
				CLANG_WARN_UNGUARDED_AVAILABILITY = YES_AGGRESSIVE;
				CLANG_WARN_UNREACHABLE_CODE = YES;
				CLANG_WARN__DUPLICATE_METHOD_MATCH = YES;
				COPY_PHASE_STRIP = NO;
				DEBUG_INFORMATION_FORMAT = "dwarf-with-dsym";
				ENABLE_NS_ASSERTIONS = NO;
				ENABLE_STRICT_OBJC_MSGSEND = YES;
				GCC_C_LANGUAGE_STANDARD = gnu11;
				GCC_NO_COMMON_BLOCKS = YES;
				GCC_WARN_64_TO_32_BIT_CONVERSION = YES;
				GCC_WARN_ABOUT_RETURN_TYPE = YES_ERROR;
				GCC_WARN_UNDECLARED_SELECTOR = YES;
				GCC_WARN_UNINITIALIZED_AUTOS = YES_AGGRESSIVE;
				GCC_WARN_UNUSED_FUNCTION = YES;
				GCC_WARN_UNUSED_VARIABLE = YES;
				IPHONEOS_DEPLOYMENT_TARGET = 16.2;
				MTL_ENABLE_DEBUG_INFO = NO;
				MTL_FAST_MATH = YES;
				SDKROOT = iphoneos;
				SWIFT_COMPILATION_MODE = wholemodule;
				SWIFT_OPTIMIZATION_LEVEL = "-O";
				VALIDATE_PRODUCT = YES;
			};
			name = Release;
		};
		35E70B762A114BC600B6BF57 /* Debug */ = {
			isa = XCBuildConfiguration;
			buildSettings = {
				ASSETCATALOG_COMPILER_APPICON_NAME = AppIcon;
				ASSETCATALOG_COMPILER_GLOBAL_ACCENT_COLOR_NAME = AccentColor;
				CLANG_ENABLE_MODULES = YES;
				CODE_SIGN_STYLE = Automatic;
				CURRENT_PROJECT_VERSION = 1;
				DEVELOPMENT_ASSET_PATHS = "\"ToDoList/Preview Content\"";
				DEVELOPMENT_TEAM = 96D753D9GJ;
				ENABLE_PREVIEWS = YES;
				GENERATE_INFOPLIST_FILE = YES;
				INFOPLIST_FILE = ToDoList/Info.plist;
				INFOPLIST_KEY_NSLocationWhenInUseUsageDescription = "App needs your location when adding to do list item";
				INFOPLIST_KEY_UIApplicationSceneManifest_Generation = YES;
				INFOPLIST_KEY_UIApplicationSupportsIndirectInputEvents = YES;
				INFOPLIST_KEY_UILaunchScreen_Generation = YES;
				INFOPLIST_KEY_UISupportedInterfaceOrientations_iPad = "UIInterfaceOrientationPortrait UIInterfaceOrientationPortraitUpsideDown UIInterfaceOrientationLandscapeLeft UIInterfaceOrientationLandscapeRight";
				INFOPLIST_KEY_UISupportedInterfaceOrientations_iPhone = "UIInterfaceOrientationPortrait UIInterfaceOrientationLandscapeLeft UIInterfaceOrientationLandscapeRight";
				IPHONEOS_DEPLOYMENT_TARGET = 14.0;
				LD_RUNPATH_SEARCH_PATHS = (
					"$(inherited)",
					"@executable_path/Frameworks",
				);
				MARKETING_VERSION = 1.0;
				PRODUCT_BUNDLE_IDENTIFIER = com.lei.ToDoList;
				PRODUCT_NAME = "$(TARGET_NAME)";
				SWIFT_EMIT_LOC_STRINGS = YES;
				SWIFT_OBJC_BRIDGING_HEADER = "ToDoList/DailyQuote/ToDoList-Bridging-Header.h";
				SWIFT_OPTIMIZATION_LEVEL = "-Onone";
				SWIFT_VERSION = 5.0;
				TARGETED_DEVICE_FAMILY = "1,2";
			};
			name = Debug;
		};
		35E70B772A114BC600B6BF57 /* Release */ = {
			isa = XCBuildConfiguration;
			buildSettings = {
				ASSETCATALOG_COMPILER_APPICON_NAME = AppIcon;
				ASSETCATALOG_COMPILER_GLOBAL_ACCENT_COLOR_NAME = AccentColor;
				CLANG_ENABLE_MODULES = YES;
				CODE_SIGN_STYLE = Automatic;
				CURRENT_PROJECT_VERSION = 1;
				DEVELOPMENT_ASSET_PATHS = "\"ToDoList/Preview Content\"";
				DEVELOPMENT_TEAM = 96D753D9GJ;
				ENABLE_PREVIEWS = YES;
				GENERATE_INFOPLIST_FILE = YES;
				INFOPLIST_FILE = ToDoList/Info.plist;
				INFOPLIST_KEY_NSLocationWhenInUseUsageDescription = "App needs your location when adding to do list item";
				INFOPLIST_KEY_UIApplicationSceneManifest_Generation = YES;
				INFOPLIST_KEY_UIApplicationSupportsIndirectInputEvents = YES;
				INFOPLIST_KEY_UILaunchScreen_Generation = YES;
				INFOPLIST_KEY_UISupportedInterfaceOrientations_iPad = "UIInterfaceOrientationPortrait UIInterfaceOrientationPortraitUpsideDown UIInterfaceOrientationLandscapeLeft UIInterfaceOrientationLandscapeRight";
				INFOPLIST_KEY_UISupportedInterfaceOrientations_iPhone = "UIInterfaceOrientationPortrait UIInterfaceOrientationLandscapeLeft UIInterfaceOrientationLandscapeRight";
				IPHONEOS_DEPLOYMENT_TARGET = 14.0;
				LD_RUNPATH_SEARCH_PATHS = (
					"$(inherited)",
					"@executable_path/Frameworks",
				);
				MARKETING_VERSION = 1.0;
				PRODUCT_BUNDLE_IDENTIFIER = com.lei.ToDoList;
				PRODUCT_NAME = "$(TARGET_NAME)";
				SWIFT_EMIT_LOC_STRINGS = YES;
				SWIFT_OBJC_BRIDGING_HEADER = "ToDoList/DailyQuote/ToDoList-Bridging-Header.h";
				SWIFT_VERSION = 5.0;
				TARGETED_DEVICE_FAMILY = "1,2";
			};
			name = Release;
		};
/* End XCBuildConfiguration section */

/* Begin XCConfigurationList section */
		354593842A585027007E539C /* Build configuration list for PBXNativeTarget "WatchToDoList Watch App" */ = {
			isa = XCConfigurationList;
			buildConfigurations = (
				354593822A585027007E539C /* Debug */,
				354593832A585027007E539C /* Release */,
			);
			defaultConfigurationIsVisible = 0;
			defaultConfigurationName = Release;
		};
		35E70B622A114BC500B6BF57 /* Build configuration list for PBXProject "ToDoList" */ = {
			isa = XCConfigurationList;
			buildConfigurations = (
				35E70B732A114BC600B6BF57 /* Debug */,
				35E70B742A114BC600B6BF57 /* Release */,
			);
			defaultConfigurationIsVisible = 0;
			defaultConfigurationName = Release;
		};
		35E70B752A114BC600B6BF57 /* Build configuration list for PBXNativeTarget "ToDoList" */ = {
			isa = XCConfigurationList;
			buildConfigurations = (
				35E70B762A114BC600B6BF57 /* Debug */,
				35E70B772A114BC600B6BF57 /* Release */,
			);
			defaultConfigurationIsVisible = 0;
			defaultConfigurationName = Release;
		};
/* End XCConfigurationList section */

/* Begin XCRemoteSwiftPackageReference section */
		354593692A544E4D007E539C /* XCRemoteSwiftPackageReference "SnapKit" */ = {
			isa = XCRemoteSwiftPackageReference;
			repositoryURL = "https://github.com/SnapKit/SnapKit";
			requirement = {
				kind = upToNextMajorVersion;
				minimumVersion = 5.0.0;
			};
		};
		35F1D0422A13693E00EA05D0 /* XCRemoteSwiftPackageReference "Alamofire" */ = {
			isa = XCRemoteSwiftPackageReference;
			repositoryURL = "https://github.com/Alamofire/Alamofire";
			requirement = {
				kind = upToNextMajorVersion;
				minimumVersion = 5.0.0;
			};
		};
/* End XCRemoteSwiftPackageReference section */

/* Begin XCSwiftPackageProductDependency section */
		3545936A2A544E4D007E539C /* SnapKit */ = {
			isa = XCSwiftPackageProductDependency;
			package = 354593692A544E4D007E539C /* XCRemoteSwiftPackageReference "SnapKit" */;
			productName = SnapKit;
		};
		35F1D0432A13693E00EA05D0 /* Alamofire */ = {
			isa = XCSwiftPackageProductDependency;
			package = 35F1D0422A13693E00EA05D0 /* XCRemoteSwiftPackageReference "Alamofire" */;
			productName = Alamofire;
		};
/* End XCSwiftPackageProductDependency section */

/* Begin XCVersionGroup section */
		353699962A127B200069E151 /* ToDoList.xcdatamodeld */ = {
			isa = XCVersionGroup;
			children = (
				353699972A127B200069E151 /* ToDoList.xcdatamodel */,
			);
			currentVersion = 353699972A127B200069E151 /* ToDoList.xcdatamodel */;
			path = ToDoList.xcdatamodeld;
			sourceTree = "<group>";
			versionGroupType = wrapper.xcdatamodel;
		};
/* End XCVersionGroup section */
	};
	rootObject = 35E70B5F2A114BC500B6BF57 /* Project object */;
}
